<?xml version="1.0" encoding="utf-8"?>
<Project ToolsVersion="4.0" xmlns="http://schemas.microsoft.com/developer/msbuild/2003">
  <ItemGroup>
    <Filter Include="Source Files">
      <UniqueIdentifier>{92f28138-fb8d-4223-9d01-db6f68c92660}</UniqueIdentifier>
    </Filter>
    <Filter Include="Header Files">
      <UniqueIdentifier>{4760ca2f-7df9-4c26-b558-64e4e1eb2a67}</UniqueIdentifier>
    </Filter>
  </ItemGroup>
  <ItemGroup>
    <ClCompile Include="edit.cpp">
      <Filter>Source Files</Filter>
    </ClCompile>
    <ClCompile Include="prefs.cpp">
      <Filter>Source Files</Filter>
    </ClCompile>
    <ClCompile Include="stctest.cpp">
      <Filter>Source Files</Filter>
    </ClCompile>
  </ItemGroup>
  <ItemGroup>
    <ResourceCompile Include="..\sample.rc">
      <Filter>Source Files</Filter>
    </ResourceCompile>
  </ItemGroup>
  <ItemGroup>
    <ClInclude Include="defsext.h">
      <Filter>Header Files</Filter>
    </ClInclude>
    <ClInclude Include="edit.h">
      <Filter>Header Files</Filter>
    </ClInclude>
    <ClInclude Include="prefs.h">
      <Filter>Header Files</Filter>
    </ClInclude>
  </ItemGroup>
</Project>