// !$*UTF8*$!
{
	archiveVersion = 1;
	classes = {
	};
	objectVersion = 46;
	objects = {

/* Begin PBXBuildFile section */
		7C0350DE1A3912040025338C /* AnimationPanel.cpp in Sources */ = {isa = PBXBuildFile; fileRef = 7C0350DC1A3912040025338C /* AnimationPanel.cpp */; };
		7C0352BC1A3A051C0025338C /* axTextBox.cpp in Sources */ = {isa = PBXBuildFile; fileRef = 7C0352BA1A3A051C0025338C /* axTextBox.cpp */; };
		7C262FA81A366F9E00544ACE /* main.m in Sources */ = {isa = PBXBuildFile; fileRef = 7C262FA71A366F9E00544ACE /* main.m */; };
		7C262FAA1A366F9E00544ACE /* Images.xcassets in Resources */ = {isa = PBXBuildFile; fileRef = 7C262FA91A366F9E00544ACE /* Images.xcassets */; };
		7C26300B1A36705F00544ACE /* AppDelegate.mm in Sources */ = {isa = PBXBuildFile; fileRef = 7C262FC41A36705F00544ACE /* AppDelegate.mm */; };
		7C26300C1A36705F00544ACE /* axCocoaInterfaceMac.mm in Sources */ = {isa = PBXBuildFile; fileRef = 7C262FC61A36705F00544ACE /* axCocoaInterfaceMac.mm */; };
		7C26300D1A36705F00544ACE /* axCoreMac.cpp in Sources */ = {isa = PBXBuildFile; fileRef = 7C262FC71A36705F00544ACE /* axCoreMac.cpp */; };
		7C26300E1A36705F00544ACE /* MainMenu.xib in Resources */ = {isa = PBXBuildFile; fileRef = 7C262FC91A36705F00544ACE /* MainMenu.xib */; };
		7C26300F1A36705F00544ACE /* axButton.cpp in Sources */ = {isa = PBXBuildFile; fileRef = 7C262FCB1A36705F00544ACE /* axButton.cpp */; };
		7C2630101A36705F00544ACE /* axDropMenu.cpp in Sources */ = {isa = PBXBuildFile; fileRef = 7C262FCD1A36705F00544ACE /* axDropMenu.cpp */; };
		7C2630111A36705F00544ACE /* axGrid.cpp in Sources */ = {isa = PBXBuildFile; fileRef = 7C262FCF1A36705F00544ACE /* axGrid.cpp */; };
		7C2630121A36705F00544ACE /* axKnob.cpp in Sources */ = {isa = PBXBuildFile; fileRef = 7C262FD11A36705F00544ACE /* axKnob.cpp */; };
		7C2630131A36705F00544ACE /* axMenu.cpp in Sources */ = {isa = PBXBuildFile; fileRef = 7C262FD31A36705F00544ACE /* axMenu.cpp */; };
		7C2630141A36705F00544ACE /* axNumberBox.cpp in Sources */ = {isa = PBXBuildFile; fileRef = 7C262FD51A36705F00544ACE /* axNumberBox.cpp */; };
		7C2630151A36705F00544ACE /* axPopupMenu.cpp in Sources */ = {isa = PBXBuildFile; fileRef = 7C262FD71A36705F00544ACE /* axPopupMenu.cpp */; };
		7C2630161A36705F00544ACE /* axScrollBar.cpp in Sources */ = {isa = PBXBuildFile; fileRef = 7C262FD91A36705F00544ACE /* axScrollBar.cpp */; };
		7C2630171A36705F00544ACE /* axSlider.cpp in Sources */ = {isa = PBXBuildFile; fileRef = 7C262FDB1A36705F00544ACE /* axSlider.cpp */; };
		7C2630181A36705F00544ACE /* axToggle.cpp in Sources */ = {isa = PBXBuildFile; fileRef = 7C262FDD1A36705F00544ACE /* axToggle.cpp */; };
		7C2630191A36705F00544ACE /* axApp.cpp in Sources */ = {isa = PBXBuildFile; fileRef = 7C262FF71A36705F00544ACE /* axApp.cpp */; };
		7C26301A1A36705F00544ACE /* axC++.cpp in Sources */ = {isa = PBXBuildFile; fileRef = 7C262FF81A36705F00544ACE /* axC++.cpp */; };
		7C26301B1A36705F00544ACE /* axColor.cpp in Sources */ = {isa = PBXBuildFile; fileRef = 7C262FF91A36705F00544ACE /* axColor.cpp */; };
		7C26301C1A36705F00544ACE /* axCore.cpp in Sources */ = {isa = PBXBuildFile; fileRef = 7C262FFA1A36705F00544ACE /* axCore.cpp */; };
		7C26301D1A36705F00544ACE /* axEvent.cpp in Sources */ = {isa = PBXBuildFile; fileRef = 7C262FFB1A36705F00544ACE /* axEvent.cpp */; };
		7C26301E1A36705F00544ACE /* axEventManager.cpp in Sources */ = {isa = PBXBuildFile; fileRef = 7C262FFC1A36705F00544ACE /* axEventManager.cpp */; };
		7C26301F1A36705F00544ACE /* axFont.cpp in Sources */ = {isa = PBXBuildFile; fileRef = 7C262FFD1A36705F00544ACE /* axFont.cpp */; };
		7C2630201A36705F00544ACE /* axGC.cpp in Sources */ = {isa = PBXBuildFile; fileRef = 7C262FFE1A36705F00544ACE /* axGC.cpp */; };
		7C2630211A36705F00544ACE /* axImage.cpp in Sources */ = {isa = PBXBuildFile; fileRef = 7C262FFF1A36705F00544ACE /* axImage.cpp */; };
		7C2630221A36705F00544ACE /* axMain.cpp in Sources */ = {isa = PBXBuildFile; fileRef = 7C2630001A36705F00544ACE /* axMain.cpp */; };
		7C2630231A36705F00544ACE /* axManager.cpp in Sources */ = {isa = PBXBuildFile; fileRef = 7C2630011A36705F00544ACE /* axManager.cpp */; };
		7C2630241A36705F00544ACE /* axMath.cpp in Sources */ = {isa = PBXBuildFile; fileRef = 7C2630021A36705F00544ACE /* axMath.cpp */; };
		7C2630251A36705F00544ACE /* axMsg.cpp in Sources */ = {isa = PBXBuildFile; fileRef = 7C2630031A36705F00544ACE /* axMsg.cpp */; };
		7C2630261A36705F00544ACE /* axObject.cpp in Sources */ = {isa = PBXBuildFile; fileRef = 7C2630041A36705F00544ACE /* axObject.cpp */; };
		7C2630271A36705F00544ACE /* axPanel.cpp in Sources */ = {isa = PBXBuildFile; fileRef = 7C2630051A36705F00544ACE /* axPanel.cpp */; };
		7C2630281A36705F00544ACE /* axSerialize.cpp in Sources */ = {isa = PBXBuildFile; fileRef = 7C2630061A36705F00544ACE /* axSerialize.cpp */; };
		7C2630291A36705F00544ACE /* axTimer.cpp in Sources */ = {isa = PBXBuildFile; fileRef = 7C2630071A36705F00544ACE /* axTimer.cpp */; };
		7C26302A1A36705F00544ACE /* axUtils.cpp in Sources */ = {isa = PBXBuildFile; fileRef = 7C2630081A36705F00544ACE /* axUtils.cpp */; };
		7C26302B1A36705F00544ACE /* axWindow.cpp in Sources */ = {isa = PBXBuildFile; fileRef = 7C2630091A36705F00544ACE /* axWindow.cpp */; };
		7C26302C1A36705F00544ACE /* axWindowTree.cpp in Sources */ = {isa = PBXBuildFile; fileRef = 7C26300A1A36705F00544ACE /* axWindowTree.cpp */; };
		7C26303B1A3670BB00544ACE /* ButtonPanel.cpp in Sources */ = {isa = PBXBuildFile; fileRef = 7C26302D1A3670BB00544ACE /* ButtonPanel.cpp */; };
		7C26303C1A3670BB00544ACE /* KnobPanel.cpp in Sources */ = {isa = PBXBuildFile; fileRef = 7C26302F1A3670BB00544ACE /* KnobPanel.cpp */; };
		7C26303D1A3670BB00544ACE /* main.cpp in Sources */ = {isa = PBXBuildFile; fileRef = 7C2630311A3670BB00544ACE /* main.cpp */; };
		7C26303E1A3670BB00544ACE /* MenuPanel.cpp in Sources */ = {isa = PBXBuildFile; fileRef = 7C2630331A3670BB00544ACE /* MenuPanel.cpp */; };
		7C26303F1A3670BB00544ACE /* NumberBoxPanel.cpp in Sources */ = {isa = PBXBuildFile; fileRef = 7C2630351A3670BB00544ACE /* NumberBoxPanel.cpp */; };
		7C2630401A3670BB00544ACE /* PaintPanel.cpp in Sources */ = {isa = PBXBuildFile; fileRef = 7C2630371A3670BB00544ACE /* PaintPanel.cpp */; };
		7C2630411A3670BB00544ACE /* SliderPanel.cpp in Sources */ = {isa = PBXBuildFile; fileRef = 7C2630391A3670BB00544ACE /* SliderPanel.cpp */; };
		7CAFF3B01A3BDADF0096412D /* axKeyboardManager.cpp in Sources */ = {isa = PBXBuildFile; fileRef = 7CAFF3AF1A3BDADF0096412D /* axKeyboardManager.cpp */; };
		7CE730C51A3BC946005BAA27 /* axMouseManager.cpp in Sources */ = {isa = PBXBuildFile; fileRef = 7CE730C41A3BC946005BAA27 /* axMouseManager.cpp */; };
/* End PBXBuildFile section */

/* Begin PBXFileReference section */
		7C0350DC1A3912040025338C /* AnimationPanel.cpp */ = {isa = PBXFileReference; fileEncoding = 4; lastKnownFileType = sourcecode.cpp.cpp; path = AnimationPanel.cpp; sourceTree = "<group>"; };
		7C0350DD1A3912040025338C /* AnimationPanel.h */ = {isa = PBXFileReference; fileEncoding = 4; lastKnownFileType = sourcecode.c.h; path = AnimationPanel.h; sourceTree = "<group>"; };
		7C0352BA1A3A051C0025338C /* axTextBox.cpp */ = {isa = PBXFileReference; fileEncoding = 4; lastKnownFileType = sourcecode.cpp.cpp; path = axTextBox.cpp; sourceTree = "<group>"; };
		7C0352BB1A3A051C0025338C /* axTextBox.h */ = {isa = PBXFileReference; fileEncoding = 4; lastKnownFileType = sourcecode.c.h; path = axTextBox.h; sourceTree = "<group>"; };
		7C262F9F1A366F9D00544ACE /* axDemo.app */ = {isa = PBXFileReference; explicitFileType = wrapper.application; includeInIndex = 0; path = axDemo.app; sourceTree = BUILT_PRODUCTS_DIR; };
		7C262FA31A366F9E00544ACE /* Info.plist */ = {isa = PBXFileReference; lastKnownFileType = text.plist.xml; path = Info.plist; sourceTree = "<group>"; };
		7C262FA71A366F9E00544ACE /* main.m */ = {isa = PBXFileReference; lastKnownFileType = sourcecode.c.objc; path = main.m; sourceTree = "<group>"; };
		7C262FA91A366F9E00544ACE /* Images.xcassets */ = {isa = PBXFileReference; lastKnownFileType = folder.assetcatalog; path = Images.xcassets; sourceTree = "<group>"; };
		7C262FC31A36705F00544ACE /* AppDelegate.h */ = {isa = PBXFileReference; fileEncoding = 4; lastKnownFileType = sourcecode.c.h; path = AppDelegate.h; sourceTree = "<group>"; };
		7C262FC41A36705F00544ACE /* AppDelegate.mm */ = {isa = PBXFileReference; fileEncoding = 4; lastKnownFileType = sourcecode.cpp.objcpp; path = AppDelegate.mm; sourceTree = "<group>"; };
		7C262FC51A36705F00544ACE /* axCocoaInterfaceMac.h */ = {isa = PBXFileReference; fileEncoding = 4; lastKnownFileType = sourcecode.c.h; path = axCocoaInterfaceMac.h; sourceTree = "<group>"; };
		7C262FC61A36705F00544ACE /* axCocoaInterfaceMac.mm */ = {isa = PBXFileReference; fileEncoding = 4; lastKnownFileType = sourcecode.cpp.objcpp; path = axCocoaInterfaceMac.mm; sourceTree = "<group>"; };
		7C262FC71A36705F00544ACE /* axCoreMac.cpp */ = {isa = PBXFileReference; fileEncoding = 4; lastKnownFileType = sourcecode.cpp.cpp; path = axCoreMac.cpp; sourceTree = "<group>"; };
		7C262FC81A36705F00544ACE /* axCoreMac.h */ = {isa = PBXFileReference; fileEncoding = 4; lastKnownFileType = sourcecode.c.h; path = axCoreMac.h; sourceTree = "<group>"; };
		7C262FC91A36705F00544ACE /* MainMenu.xib */ = {isa = PBXFileReference; fileEncoding = 4; lastKnownFileType = file.xib; path = MainMenu.xib; sourceTree = "<group>"; };
		7C262FCB1A36705F00544ACE /* axButton.cpp */ = {isa = PBXFileReference; fileEncoding = 4; lastKnownFileType = sourcecode.cpp.cpp; path = axButton.cpp; sourceTree = "<group>"; };
		7C262FCC1A36705F00544ACE /* axButton.h */ = {isa = PBXFileReference; fileEncoding = 4; lastKnownFileType = sourcecode.c.h; path = axButton.h; sourceTree = "<group>"; };
		7C262FCD1A36705F00544ACE /* axDropMenu.cpp */ = {isa = PBXFileReference; fileEncoding = 4; lastKnownFileType = sourcecode.cpp.cpp; path = axDropMenu.cpp; sourceTree = "<group>"; };
		7C262FCE1A36705F00544ACE /* axDropMenu.h */ = {isa = PBXFileReference; fileEncoding = 4; lastKnownFileType = sourcecode.c.h; path = axDropMenu.h; sourceTree = "<group>"; };
		7C262FCF1A36705F00544ACE /* axGrid.cpp */ = {isa = PBXFileReference; fileEncoding = 4; lastKnownFileType = sourcecode.cpp.cpp; path = axGrid.cpp; sourceTree = "<group>"; };
		7C262FD01A36705F00544ACE /* axGrid.h */ = {isa = PBXFileReference; fileEncoding = 4; lastKnownFileType = sourcecode.c.h; path = axGrid.h; sourceTree = "<group>"; };
		7C262FD11A36705F00544ACE /* axKnob.cpp */ = {isa = PBXFileReference; fileEncoding = 4; lastKnownFileType = sourcecode.cpp.cpp; path = axKnob.cpp; sourceTree = "<group>"; };
		7C262FD21A36705F00544ACE /* axKnob.h */ = {isa = PBXFileReference; fileEncoding = 4; lastKnownFileType = sourcecode.c.h; path = axKnob.h; sourceTree = "<group>"; };
		7C262FD31A36705F00544ACE /* axMenu.cpp */ = {isa = PBXFileReference; fileEncoding = 4; lastKnownFileType = sourcecode.cpp.cpp; path = axMenu.cpp; sourceTree = "<group>"; };
		7C262FD41A36705F00544ACE /* axMenu.h */ = {isa = PBXFileReference; fileEncoding = 4; lastKnownFileType = sourcecode.c.h; path = axMenu.h; sourceTree = "<group>"; };
		7C262FD51A36705F00544ACE /* axNumberBox.cpp */ = {isa = PBXFileReference; fileEncoding = 4; lastKnownFileType = sourcecode.cpp.cpp; path = axNumberBox.cpp; sourceTree = "<group>"; };
		7C262FD61A36705F00544ACE /* axNumberBox.h */ = {isa = PBXFileReference; fileEncoding = 4; lastKnownFileType = sourcecode.c.h; path = axNumberBox.h; sourceTree = "<group>"; };
		7C262FD71A36705F00544ACE /* axPopupMenu.cpp */ = {isa = PBXFileReference; fileEncoding = 4; lastKnownFileType = sourcecode.cpp.cpp; path = axPopupMenu.cpp; sourceTree = "<group>"; };
		7C262FD81A36705F00544ACE /* axPopupMenu.h */ = {isa = PBXFileReference; fileEncoding = 4; lastKnownFileType = sourcecode.c.h; path = axPopupMenu.h; sourceTree = "<group>"; };
		7C262FD91A36705F00544ACE /* axScrollBar.cpp */ = {isa = PBXFileReference; fileEncoding = 4; lastKnownFileType = sourcecode.cpp.cpp; path = axScrollBar.cpp; sourceTree = "<group>"; };
		7C262FDA1A36705F00544ACE /* axScrollBar.h */ = {isa = PBXFileReference; fileEncoding = 4; lastKnownFileType = sourcecode.c.h; path = axScrollBar.h; sourceTree = "<group>"; };
		7C262FDB1A36705F00544ACE /* axSlider.cpp */ = {isa = PBXFileReference; fileEncoding = 4; lastKnownFileType = sourcecode.cpp.cpp; path = axSlider.cpp; sourceTree = "<group>"; };
		7C262FDC1A36705F00544ACE /* axSlider.h */ = {isa = PBXFileReference; fileEncoding = 4; lastKnownFileType = sourcecode.c.h; path = axSlider.h; sourceTree = "<group>"; };
		7C262FDD1A36705F00544ACE /* axToggle.cpp */ = {isa = PBXFileReference; fileEncoding = 4; lastKnownFileType = sourcecode.cpp.cpp; path = axToggle.cpp; sourceTree = "<group>"; };
		7C262FDE1A36705F00544ACE /* axToggle.h */ = {isa = PBXFileReference; fileEncoding = 4; lastKnownFileType = sourcecode.c.h; path = axToggle.h; sourceTree = "<group>"; };
		7C262FDF1A36705F00544ACE /* axWidget.h */ = {isa = PBXFileReference; fileEncoding = 4; lastKnownFileType = sourcecode.c.h; path = axWidget.h; sourceTree = "<group>"; };
		7C262FE11A36705F00544ACE /* axApp.h */ = {isa = PBXFileReference; fileEncoding = 4; lastKnownFileType = sourcecode.c.h; path = axApp.h; sourceTree = "<group>"; };
		7C262FE21A36705F00544ACE /* axC++.h */ = {isa = PBXFileReference; fileEncoding = 4; lastKnownFileType = sourcecode.c.h; path = "axC++.h"; sourceTree = "<group>"; };
		7C262FE31A36705F00544ACE /* axColor.h */ = {isa = PBXFileReference; fileEncoding = 4; lastKnownFileType = sourcecode.c.h; path = axColor.h; sourceTree = "<group>"; };
		7C262FE41A36705F00544ACE /* axCore.h */ = {isa = PBXFileReference; fileEncoding = 4; lastKnownFileType = sourcecode.c.h; path = axCore.h; sourceTree = "<group>"; };
		7C262FE51A36705F00544ACE /* axEvent.h */ = {isa = PBXFileReference; fileEncoding = 4; lastKnownFileType = sourcecode.c.h; path = axEvent.h; sourceTree = "<group>"; };
		7C262FE61A36705F00544ACE /* axEventManager.h */ = {isa = PBXFileReference; fileEncoding = 4; lastKnownFileType = sourcecode.c.h; path = axEventManager.h; sourceTree = "<group>"; };
		7C262FE71A36705F00544ACE /* axFont.h */ = {isa = PBXFileReference; fileEncoding = 4; lastKnownFileType = sourcecode.c.h; path = axFont.h; sourceTree = "<group>"; };
		7C262FE81A36705F00544ACE /* axGC.h */ = {isa = PBXFileReference; fileEncoding = 4; lastKnownFileType = sourcecode.c.h; path = axGC.h; sourceTree = "<group>"; };
		7C262FE91A36705F00544ACE /* axImage.h */ = {isa = PBXFileReference; fileEncoding = 4; lastKnownFileType = sourcecode.c.h; path = axImage.h; sourceTree = "<group>"; };
		7C262FEA1A36705F00544ACE /* axLib.h */ = {isa = PBXFileReference; fileEncoding = 4; lastKnownFileType = sourcecode.c.h; path = axLib.h; sourceTree = "<group>"; };
		7C262FEB1A36705F00544ACE /* axMain.h */ = {isa = PBXFileReference; fileEncoding = 4; lastKnownFileType = sourcecode.c.h; path = axMain.h; sourceTree = "<group>"; };
		7C262FEC1A36705F00544ACE /* axManager.h */ = {isa = PBXFileReference; fileEncoding = 4; lastKnownFileType = sourcecode.c.h; path = axManager.h; sourceTree = "<group>"; };
		7C262FED1A36705F00544ACE /* axMath.h */ = {isa = PBXFileReference; fileEncoding = 4; lastKnownFileType = sourcecode.c.h; path = axMath.h; sourceTree = "<group>"; };
		7C262FEE1A36705F00544ACE /* axMsg.h */ = {isa = PBXFileReference; fileEncoding = 4; lastKnownFileType = sourcecode.c.h; path = axMsg.h; sourceTree = "<group>"; };
		7C262FEF1A36705F00544ACE /* axObject.h */ = {isa = PBXFileReference; fileEncoding = 4; lastKnownFileType = sourcecode.c.h; path = axObject.h; sourceTree = "<group>"; };
		7C262FF01A36705F00544ACE /* axPanel.h */ = {isa = PBXFileReference; fileEncoding = 4; lastKnownFileType = sourcecode.c.h; path = axPanel.h; sourceTree = "<group>"; };
		7C262FF11A36705F00544ACE /* axSerialize.h */ = {isa = PBXFileReference; fileEncoding = 4; lastKnownFileType = sourcecode.c.h; path = axSerialize.h; sourceTree = "<group>"; };
		7C262FF21A36705F00544ACE /* axTimer.h */ = {isa = PBXFileReference; fileEncoding = 4; lastKnownFileType = sourcecode.c.h; path = axTimer.h; sourceTree = "<group>"; };
		7C262FF31A36705F00544ACE /* axUtils.h */ = {isa = PBXFileReference; fileEncoding = 4; lastKnownFileType = sourcecode.c.h; path = axUtils.h; sourceTree = "<group>"; };
		7C262FF41A36705F00544ACE /* axWindow.h */ = {isa = PBXFileReference; fileEncoding = 4; lastKnownFileType = sourcecode.c.h; path = axWindow.h; sourceTree = "<group>"; };
		7C262FF51A36705F00544ACE /* axWindowTree.h */ = {isa = PBXFileReference; fileEncoding = 4; lastKnownFileType = sourcecode.c.h; path = axWindowTree.h; sourceTree = "<group>"; };
		7C262FF71A36705F00544ACE /* axApp.cpp */ = {isa = PBXFileReference; fileEncoding = 4; lastKnownFileType = sourcecode.cpp.cpp; path = axApp.cpp; sourceTree = "<group>"; };
		7C262FF81A36705F00544ACE /* axC++.cpp */ = {isa = PBXFileReference; fileEncoding = 4; lastKnownFileType = sourcecode.cpp.cpp; path = "axC++.cpp"; sourceTree = "<group>"; };
		7C262FF91A36705F00544ACE /* axColor.cpp */ = {isa = PBXFileReference; fileEncoding = 4; lastKnownFileType = sourcecode.cpp.cpp; path = axColor.cpp; sourceTree = "<group>"; };
		7C262FFA1A36705F00544ACE /* axCore.cpp */ = {isa = PBXFileReference; fileEncoding = 4; lastKnownFileType = sourcecode.cpp.cpp; path = axCore.cpp; sourceTree = "<group>"; };
		7C262FFB1A36705F00544ACE /* axEvent.cpp */ = {isa = PBXFileReference; fileEncoding = 4; lastKnownFileType = sourcecode.cpp.cpp; path = axEvent.cpp; sourceTree = "<group>"; };
		7C262FFC1A36705F00544ACE /* axEventManager.cpp */ = {isa = PBXFileReference; fileEncoding = 4; lastKnownFileType = sourcecode.cpp.cpp; path = axEventManager.cpp; sourceTree = "<group>"; };
		7C262FFD1A36705F00544ACE /* axFont.cpp */ = {isa = PBXFileReference; fileEncoding = 4; lastKnownFileType = sourcecode.cpp.cpp; path = axFont.cpp; sourceTree = "<group>"; };
		7C262FFE1A36705F00544ACE /* axGC.cpp */ = {isa = PBXFileReference; fileEncoding = 4; lastKnownFileType = sourcecode.cpp.cpp; path = axGC.cpp; sourceTree = "<group>"; };
		7C262FFF1A36705F00544ACE /* axImage.cpp */ = {isa = PBXFileReference; fileEncoding = 4; lastKnownFileType = sourcecode.cpp.cpp; path = axImage.cpp; sourceTree = "<group>"; };
		7C2630001A36705F00544ACE /* axMain.cpp */ = {isa = PBXFileReference; fileEncoding = 4; lastKnownFileType = sourcecode.cpp.cpp; path = axMain.cpp; sourceTree = "<group>"; };
		7C2630011A36705F00544ACE /* axManager.cpp */ = {isa = PBXFileReference; fileEncoding = 4; lastKnownFileType = sourcecode.cpp.cpp; path = axManager.cpp; sourceTree = "<group>"; };
		7C2630021A36705F00544ACE /* axMath.cpp */ = {isa = PBXFileReference; fileEncoding = 4; lastKnownFileType = sourcecode.cpp.cpp; path = axMath.cpp; sourceTree = "<group>"; };
		7C2630031A36705F00544ACE /* axMsg.cpp */ = {isa = PBXFileReference; fileEncoding = 4; lastKnownFileType = sourcecode.cpp.cpp; path = axMsg.cpp; sourceTree = "<group>"; };
		7C2630041A36705F00544ACE /* axObject.cpp */ = {isa = PBXFileReference; fileEncoding = 4; lastKnownFileType = sourcecode.cpp.cpp; path = axObject.cpp; sourceTree = "<group>"; };
		7C2630051A36705F00544ACE /* axPanel.cpp */ = {isa = PBXFileReference; fileEncoding = 4; lastKnownFileType = sourcecode.cpp.cpp; path = axPanel.cpp; sourceTree = "<group>"; };
		7C2630061A36705F00544ACE /* axSerialize.cpp */ = {isa = PBXFileReference; fileEncoding = 4; lastKnownFileType = sourcecode.cpp.cpp; path = axSerialize.cpp; sourceTree = "<group>"; };
		7C2630071A36705F00544ACE /* axTimer.cpp */ = {isa = PBXFileReference; fileEncoding = 4; lastKnownFileType = sourcecode.cpp.cpp; path = axTimer.cpp; sourceTree = "<group>"; };
		7C2630081A36705F00544ACE /* axUtils.cpp */ = {isa = PBXFileReference; fileEncoding = 4; lastKnownFileType = sourcecode.cpp.cpp; path = axUtils.cpp; sourceTree = "<group>"; };
		7C2630091A36705F00544ACE /* axWindow.cpp */ = {isa = PBXFileReference; fileEncoding = 4; lastKnownFileType = sourcecode.cpp.cpp; path = axWindow.cpp; sourceTree = "<group>"; };
		7C26300A1A36705F00544ACE /* axWindowTree.cpp */ = {isa = PBXFileReference; fileEncoding = 4; lastKnownFileType = sourcecode.cpp.cpp; path = axWindowTree.cpp; sourceTree = "<group>"; };
		7C26302D1A3670BB00544ACE /* ButtonPanel.cpp */ = {isa = PBXFileReference; fileEncoding = 4; lastKnownFileType = sourcecode.cpp.cpp; path = ButtonPanel.cpp; sourceTree = SOURCE_ROOT; };
		7C26302E1A3670BB00544ACE /* ButtonPanel.h */ = {isa = PBXFileReference; fileEncoding = 4; lastKnownFileType = sourcecode.c.h; path = ButtonPanel.h; sourceTree = SOURCE_ROOT; };
		7C26302F1A3670BB00544ACE /* KnobPanel.cpp */ = {isa = PBXFileReference; fileEncoding = 4; lastKnownFileType = sourcecode.cpp.cpp; path = KnobPanel.cpp; sourceTree = SOURCE_ROOT; };
		7C2630301A3670BB00544ACE /* KnobPanel.h */ = {isa = PBXFileReference; fileEncoding = 4; lastKnownFileType = sourcecode.c.h; path = KnobPanel.h; sourceTree = SOURCE_ROOT; };
		7C2630311A3670BB00544ACE /* main.cpp */ = {isa = PBXFileReference; fileEncoding = 4; lastKnownFileType = sourcecode.cpp.cpp; path = main.cpp; sourceTree = SOURCE_ROOT; };
		7C2630321A3670BB00544ACE /* main.h */ = {isa = PBXFileReference; fileEncoding = 4; lastKnownFileType = sourcecode.c.h; path = main.h; sourceTree = SOURCE_ROOT; };
		7C2630331A3670BB00544ACE /* MenuPanel.cpp */ = {isa = PBXFileReference; fileEncoding = 4; lastKnownFileType = sourcecode.cpp.cpp; path = MenuPanel.cpp; sourceTree = SOURCE_ROOT; };
		7C2630341A3670BB00544ACE /* MenuPanel.h */ = {isa = PBXFileReference; fileEncoding = 4; lastKnownFileType = sourcecode.c.h; path = MenuPanel.h; sourceTree = SOURCE_ROOT; };
		7C2630351A3670BB00544ACE /* NumberBoxPanel.cpp */ = {isa = PBXFileReference; fileEncoding = 4; lastKnownFileType = sourcecode.cpp.cpp; path = NumberBoxPanel.cpp; sourceTree = SOURCE_ROOT; };
		7C2630361A3670BB00544ACE /* NumberBoxPanel.h */ = {isa = PBXFileReference; fileEncoding = 4; lastKnownFileType = sourcecode.c.h; path = NumberBoxPanel.h; sourceTree = SOURCE_ROOT; };
		7C2630371A3670BB00544ACE /* PaintPanel.cpp */ = {isa = PBXFileReference; fileEncoding = 4; lastKnownFileType = sourcecode.cpp.cpp; path = PaintPanel.cpp; sourceTree = SOURCE_ROOT; };
		7C2630381A3670BB00544ACE /* PaintPanel.h */ = {isa = PBXFileReference; fileEncoding = 4; lastKnownFileType = sourcecode.c.h; path = PaintPanel.h; sourceTree = SOURCE_ROOT; };
		7C2630391A3670BB00544ACE /* SliderPanel.cpp */ = {isa = PBXFileReference; fileEncoding = 4; lastKnownFileType = sourcecode.cpp.cpp; path = SliderPanel.cpp; sourceTree = SOURCE_ROOT; };
		7C26303A1A3670BB00544ACE /* SliderPanel.h */ = {isa = PBXFileReference; fileEncoding = 4; lastKnownFileType = sourcecode.c.h; path = SliderPanel.h; sourceTree = SOURCE_ROOT; };
		7CAFF3AE1A3BDAD40096412D /* axKeyboardManager.h */ = {isa = PBXFileReference; fileEncoding = 4; lastKnownFileType = sourcecode.c.h; path = axKeyboardManager.h; sourceTree = "<group>"; };
		7CAFF3AF1A3BDADF0096412D /* axKeyboardManager.cpp */ = {isa = PBXFileReference; fileEncoding = 4; lastKnownFileType = sourcecode.cpp.cpp; path = axKeyboardManager.cpp; sourceTree = "<group>"; };
		7CE730C31A3BC93D005BAA27 /* axMouseManager.h */ = {isa = PBXFileReference; fileEncoding = 4; lastKnownFileType = sourcecode.c.h; path = axMouseManager.h; sourceTree = "<group>"; };
		7CE730C41A3BC946005BAA27 /* axMouseManager.cpp */ = {isa = PBXFileReference; fileEncoding = 4; lastKnownFileType = sourcecode.cpp.cpp; path = axMouseManager.cpp; sourceTree = "<group>"; };
/* End PBXFileReference section */

/* Begin PBXFrameworksBuildPhase section */
		7C262F9C1A366F9D00544ACE /* Frameworks */ = {
			isa = PBXFrameworksBuildPhase;
			buildActionMask = 2147483647;
			files = (
			);
			runOnlyForDeploymentPostprocessing = 0;
		};
/* End PBXFrameworksBuildPhase section */

/* Begin PBXGroup section */
		7C262F961A366F9D00544ACE = {
			isa = PBXGroup;
			children = (
				7C262FC21A36705F00544ACE /* axMac */,
				7C262FCA1A36705F00544ACE /* axWidgets */,
				7C262FE01A36705F00544ACE /* include */,
				7C262FF61A36705F00544ACE /* source */,
				7C262FA11A366F9E00544ACE /* axDemo */,
				7C262FA01A366F9D00544ACE /* Products */,
			);
			sourceTree = "<group>";
		};
		7C262FA01A366F9D00544ACE /* Products */ = {
			isa = PBXGroup;
			children = (
				7C262F9F1A366F9D00544ACE /* axDemo.app */,
			);
			name = Products;
			sourceTree = "<group>";
		};
		7C262FA11A366F9E00544ACE /* axDemo */ = {
			isa = PBXGroup;
			children = (
				7C0350DC1A3912040025338C /* AnimationPanel.cpp */,
				7C0350DD1A3912040025338C /* AnimationPanel.h */,
				7C26302D1A3670BB00544ACE /* ButtonPanel.cpp */,
				7C26302E1A3670BB00544ACE /* ButtonPanel.h */,
				7C26302F1A3670BB00544ACE /* KnobPanel.cpp */,
				7C2630301A3670BB00544ACE /* KnobPanel.h */,
				7C2630311A3670BB00544ACE /* main.cpp */,
				7C2630321A3670BB00544ACE /* main.h */,
				7C2630331A3670BB00544ACE /* MenuPanel.cpp */,
				7C2630341A3670BB00544ACE /* MenuPanel.h */,
				7C2630351A3670BB00544ACE /* NumberBoxPanel.cpp */,
				7C2630361A3670BB00544ACE /* NumberBoxPanel.h */,
				7C2630371A3670BB00544ACE /* PaintPanel.cpp */,
				7C2630381A3670BB00544ACE /* PaintPanel.h */,
				7C2630391A3670BB00544ACE /* SliderPanel.cpp */,
				7C26303A1A3670BB00544ACE /* SliderPanel.h */,
				7C262FA91A366F9E00544ACE /* Images.xcassets */,
				7C262FA21A366F9E00544ACE /* Supporting Files */,
			);
			path = axDemo;
			sourceTree = "<group>";
		};
		7C262FA21A366F9E00544ACE /* Supporting Files */ = {
			isa = PBXGroup;
			children = (
				7C262FA31A366F9E00544ACE /* Info.plist */,
				7C262FA71A366F9E00544ACE /* main.m */,
			);
			name = "Supporting Files";
			sourceTree = "<group>";
		};
		7C262FC21A36705F00544ACE /* axMac */ = {
			isa = PBXGroup;
			children = (
				7C262FC31A36705F00544ACE /* AppDelegate.h */,
				7C262FC41A36705F00544ACE /* AppDelegate.mm */,
				7C262FC51A36705F00544ACE /* axCocoaInterfaceMac.h */,
				7C262FC61A36705F00544ACE /* axCocoaInterfaceMac.mm */,
				7C262FC71A36705F00544ACE /* axCoreMac.cpp */,
				7C262FC81A36705F00544ACE /* axCoreMac.h */,
				7C262FC91A36705F00544ACE /* MainMenu.xib */,
			);
			name = axMac;
			path = ../../axMac;
			sourceTree = "<group>";
		};
		7C262FCA1A36705F00544ACE /* axWidgets */ = {
			isa = PBXGroup;
			children = (
				7C262FCB1A36705F00544ACE /* axButton.cpp */,
				7C262FCC1A36705F00544ACE /* axButton.h */,
				7C262FCD1A36705F00544ACE /* axDropMenu.cpp */,
				7C262FCE1A36705F00544ACE /* axDropMenu.h */,
				7C262FCF1A36705F00544ACE /* axGrid.cpp */,
				7C262FD01A36705F00544ACE /* axGrid.h */,
				7C262FD11A36705F00544ACE /* axKnob.cpp */,
				7C262FD21A36705F00544ACE /* axKnob.h */,
				7C262FD31A36705F00544ACE /* axMenu.cpp */,
				7C262FD41A36705F00544ACE /* axMenu.h */,
				7C262FD51A36705F00544ACE /* axNumberBox.cpp */,
				7C262FD61A36705F00544ACE /* axNumberBox.h */,
				7C262FD71A36705F00544ACE /* axPopupMenu.cpp */,
				7C262FD81A36705F00544ACE /* axPopupMenu.h */,
				7C262FD91A36705F00544ACE /* axScrollBar.cpp */,
				7C262FDA1A36705F00544ACE /* axScrollBar.h */,
				7C262FDB1A36705F00544ACE /* axSlider.cpp */,
				7C262FDC1A36705F00544ACE /* axSlider.h */,
				7C0352BA1A3A051C0025338C /* axTextBox.cpp */,
				7C0352BB1A3A051C0025338C /* axTextBox.h */,
				7C262FDD1A36705F00544ACE /* axToggle.cpp */,
				7C262FDE1A36705F00544ACE /* axToggle.h */,
				7C262FDF1A36705F00544ACE /* axWidget.h */,
			);
			name = axWidgets;
			path = ../../axWidgets;
			sourceTree = "<group>";
		};
		7C262FE01A36705F00544ACE /* include */ = {
			isa = PBXGroup;
			children = (
				7C262FE11A36705F00544ACE /* axApp.h */,
				7C262FE21A36705F00544ACE /* axC++.h */,
				7C262FE31A36705F00544ACE /* axColor.h */,
				7C262FE41A36705F00544ACE /* axCore.h */,
				7C262FE51A36705F00544ACE /* axEvent.h */,
				7C262FE61A36705F00544ACE /* axEventManager.h */,
				7C262FE71A36705F00544ACE /* axFont.h */,
				7C262FE81A36705F00544ACE /* axGC.h */,
				7C262FE91A36705F00544ACE /* axImage.h */,
				7C262FEA1A36705F00544ACE /* axLib.h */,
				7C262FEB1A36705F00544ACE /* axMain.h */,
				7C262FEC1A36705F00544ACE /* axManager.h */,
				7C262FED1A36705F00544ACE /* axMath.h */,
				7CAFF3AE1A3BDAD40096412D /* axKeyboardManager.h */,
				7CE730C31A3BC93D005BAA27 /* axMouseManager.h */,
				7C262FEE1A36705F00544ACE /* axMsg.h */,
				7C262FEF1A36705F00544ACE /* axObject.h */,
				7C262FF01A36705F00544ACE /* axPanel.h */,
				7C262FF11A36705F00544ACE /* axSerialize.h */,
				7C262FF21A36705F00544ACE /* axTimer.h */,
				7C262FF31A36705F00544ACE /* axUtils.h */,
				7C262FF41A36705F00544ACE /* axWindow.h */,
				7C262FF51A36705F00544ACE /* axWindowTree.h */,
			);
			name = include;
			path = ../../include;
			sourceTree = "<group>";
		};
		7C262FF61A36705F00544ACE /* source */ = {
			isa = PBXGroup;
			children = (
				7C262FF71A36705F00544ACE /* axApp.cpp */,
				7C262FF81A36705F00544ACE /* axC++.cpp */,
				7C262FF91A36705F00544ACE /* axColor.cpp */,
				7C262FFA1A36705F00544ACE /* axCore.cpp */,
				7C262FFB1A36705F00544ACE /* axEvent.cpp */,
				7C262FFC1A36705F00544ACE /* axEventManager.cpp */,
				7C262FFD1A36705F00544ACE /* axFont.cpp */,
				7C262FFE1A36705F00544ACE /* axGC.cpp */,
				7C262FFF1A36705F00544ACE /* axImage.cpp */,
				7C2630001A36705F00544ACE /* axMain.cpp */,
				7C2630011A36705F00544ACE /* axManager.cpp */,
				7C2630021A36705F00544ACE /* axMath.cpp */,
				7CAFF3AF1A3BDADF0096412D /* axKeyboardManager.cpp */,
				7CE730C41A3BC946005BAA27 /* axMouseManager.cpp */,
				7C2630031A36705F00544ACE /* axMsg.cpp */,
				7C2630041A36705F00544ACE /* axObject.cpp */,
				7C2630051A36705F00544ACE /* axPanel.cpp */,
				7C2630061A36705F00544ACE /* axSerialize.cpp */,
				7C2630071A36705F00544ACE /* axTimer.cpp */,
				7C2630081A36705F00544ACE /* axUtils.cpp */,
				7C2630091A36705F00544ACE /* axWindow.cpp */,
				7C26300A1A36705F00544ACE /* axWindowTree.cpp */,
			);
			name = source;
			path = ../../source;
			sourceTree = "<group>";
		};
/* End PBXGroup section */

/* Begin PBXNativeTarget section */
		7C262F9E1A366F9D00544ACE /* axDemo */ = {
			isa = PBXNativeTarget;
			buildConfigurationList = 7C262FBC1A366F9E00544ACE /* Build configuration list for PBXNativeTarget "axDemo" */;
			buildPhases = (
				7C262F9B1A366F9D00544ACE /* Sources */,
				7C262F9C1A366F9D00544ACE /* Frameworks */,
				7C262F9D1A366F9D00544ACE /* Resources */,
			);
			buildRules = (
			);
			dependencies = (
			);
			name = axDemo;
			productName = axDemo;
			productReference = 7C262F9F1A366F9D00544ACE /* axDemo.app */;
			productType = "com.apple.product-type.application";
		};
/* End PBXNativeTarget section */

/* Begin PBXProject section */
		7C262F971A366F9D00544ACE /* Project object */ = {
			isa = PBXProject;
			attributes = {
				LastUpgradeCheck = 0610;
				ORGANIZATIONNAME = "Alexandre Arsenault";
				TargetAttributes = {
					7C262F9E1A366F9D00544ACE = {
						CreatedOnToolsVersion = 6.1;
					};
				};
			};
			buildConfigurationList = 7C262F9A1A366F9D00544ACE /* Build configuration list for PBXProject "axDemo" */;
			compatibilityVersion = "Xcode 3.2";
			developmentRegion = English;
			hasScannedForEncodings = 0;
			knownRegions = (
				en,
				Base,
			);
			mainGroup = 7C262F961A366F9D00544ACE;
			productRefGroup = 7C262FA01A366F9D00544ACE /* Products */;
			projectDirPath = "";
			projectRoot = "";
			targets = (
				7C262F9E1A366F9D00544ACE /* axDemo */,
			);
		};
/* End PBXProject section */

/* Begin PBXResourcesBuildPhase section */
		7C262F9D1A366F9D00544ACE /* Resources */ = {
			isa = PBXResourcesBuildPhase;
			buildActionMask = 2147483647;
			files = (
				7C262FAA1A366F9E00544ACE /* Images.xcassets in Resources */,
				7C26300E1A36705F00544ACE /* MainMenu.xib in Resources */,
			);
			runOnlyForDeploymentPostprocessing = 0;
		};
/* End PBXResourcesBuildPhase section */

/* Begin PBXSourcesBuildPhase section */
		7C262F9B1A366F9D00544ACE /* Sources */ = {
			isa = PBXSourcesBuildPhase;
			buildActionMask = 2147483647;
			files = (
				7C2630171A36705F00544ACE /* axSlider.cpp in Sources */,
				7C26303F1A3670BB00544ACE /* NumberBoxPanel.cpp in Sources */,
				7C2630261A36705F00544ACE /* axObject.cpp in Sources */,
				7C26301F1A36705F00544ACE /* axFont.cpp in Sources */,
				7CAFF3B01A3BDADF0096412D /* axKeyboardManager.cpp in Sources */,
				7C0352BC1A3A051C0025338C /* axTextBox.cpp in Sources */,
				7C26300F1A36705F00544ACE /* axButton.cpp in Sources */,
				7C26301B1A36705F00544ACE /* axColor.cpp in Sources */,
				7C26301D1A36705F00544ACE /* axEvent.cpp in Sources */,
				7C26302A1A36705F00544ACE /* axUtils.cpp in Sources */,
				7C2630181A36705F00544ACE /* axToggle.cpp in Sources */,
				7C0350DE1A3912040025338C /* AnimationPanel.cpp in Sources */,
				7C26301E1A36705F00544ACE /* axEventManager.cpp in Sources */,
				7C26302B1A36705F00544ACE /* axWindow.cpp in Sources */,
				7C2630211A36705F00544ACE /* axImage.cpp in Sources */,
				7C2630241A36705F00544ACE /* axMath.cpp in Sources */,
				7C26300C1A36705F00544ACE /* axCocoaInterfaceMac.mm in Sources */,
				7C26300D1A36705F00544ACE /* axCoreMac.cpp in Sources */,
				7C2630141A36705F00544ACE /* axNumberBox.cpp in Sources */,
				7C2630201A36705F00544ACE /* axGC.cpp in Sources */,
				7C26303C1A3670BB00544ACE /* KnobPanel.cpp in Sources */,
				7C2630231A36705F00544ACE /* axManager.cpp in Sources */,
				7C2630401A3670BB00544ACE /* PaintPanel.cpp in Sources */,
				7C2630281A36705F00544ACE /* axSerialize.cpp in Sources */,
				7C26303E1A3670BB00544ACE /* MenuPanel.cpp in Sources */,
				7C26303B1A3670BB00544ACE /* ButtonPanel.cpp in Sources */,
				7C2630151A36705F00544ACE /* axPopupMenu.cpp in Sources */,
				7C2630161A36705F00544ACE /* axScrollBar.cpp in Sources */,
				7C26300B1A36705F00544ACE /* AppDelegate.mm in Sources */,
				7CE730C51A3BC946005BAA27 /* axMouseManager.cpp in Sources */,
				7C2630411A3670BB00544ACE /* SliderPanel.cpp in Sources */,
				7C2630111A36705F00544ACE /* axGrid.cpp in Sources */,
				7C2630191A36705F00544ACE /* axApp.cpp in Sources */,
				7C2630221A36705F00544ACE /* axMain.cpp in Sources */,
				7C2630101A36705F00544ACE /* axDropMenu.cpp in Sources */,
				7C26301A1A36705F00544ACE /* axC++.cpp in Sources */,
				7C2630251A36705F00544ACE /* axMsg.cpp in Sources */,
				7C2630271A36705F00544ACE /* axPanel.cpp in Sources */,
				7C2630131A36705F00544ACE /* axMenu.cpp in Sources */,
				7C2630121A36705F00544ACE /* axKnob.cpp in Sources */,
				7C2630291A36705F00544ACE /* axTimer.cpp in Sources */,
				7C262FA81A366F9E00544ACE /* main.m in Sources */,
				7C26302C1A36705F00544ACE /* axWindowTree.cpp in Sources */,
				7C26301C1A36705F00544ACE /* axCore.cpp in Sources */,
				7C26303D1A3670BB00544ACE /* main.cpp in Sources */,
			);
			runOnlyForDeploymentPostprocessing = 0;
		};
/* End PBXSourcesBuildPhase section */

/* Begin XCBuildConfiguration section */
		7C262FBA1A366F9E00544ACE /* Debug */ = {
			isa = XCBuildConfiguration;
			buildSettings = {
				ALWAYS_SEARCH_USER_PATHS = NO;
				CLANG_CXX_LANGUAGE_STANDARD = "gnu++0x";
				CLANG_CXX_LIBRARY = "libc++";
				CLANG_ENABLE_MODULES = YES;
				CLANG_ENABLE_OBJC_ARC = YES;
				CLANG_WARN_BOOL_CONVERSION = YES;
				CLANG_WARN_CONSTANT_CONVERSION = YES;
				CLANG_WARN_DIRECT_OBJC_ISA_USAGE = YES_ERROR;
				CLANG_WARN_DOCUMENTATION_COMMENTS = NO;
				CLANG_WARN_EMPTY_BODY = YES;
				CLANG_WARN_ENUM_CONVERSION = YES;
				CLANG_WARN_INT_CONVERSION = YES;
				CLANG_WARN_OBJC_ROOT_CLASS = YES_ERROR;
				CLANG_WARN_UNREACHABLE_CODE = YES;
				CLANG_WARN__DUPLICATE_METHOD_MATCH = YES;
				CODE_SIGN_IDENTITY = "-";
				CONFIGURATION_BUILD_DIR = "$(SRCROOT)/";
				COPY_PHASE_STRIP = NO;
				ENABLE_STRICT_OBJC_MSGSEND = YES;
				GCC_C_LANGUAGE_STANDARD = gnu99;
				GCC_DYNAMIC_NO_PIC = NO;
				GCC_OPTIMIZATION_LEVEL = 0;
				GCC_PREPROCESSOR_DEFINITIONS = (
					"DEBUG=1",
					"$(inherited)",
				);
				GCC_SYMBOLS_PRIVATE_EXTERN = NO;
				GCC_WARN_64_TO_32_BIT_CONVERSION = YES;
				GCC_WARN_ABOUT_RETURN_TYPE = YES_ERROR;
				GCC_WARN_UNDECLARED_SELECTOR = YES;
				GCC_WARN_UNINITIALIZED_AUTOS = YES_AGGRESSIVE;
				GCC_WARN_UNUSED_FUNCTION = YES;
				GCC_WARN_UNUSED_VARIABLE = NO;
				HEADER_SEARCH_PATHS = (
					"$(inherited)",
					/Applications/Xcode.app/Contents/Developer/Toolchains/XcodeDefault.xctoolchain/usr/include,
					/usr/local/include/freetype2/,
					/usr/local/include/,
				);
				LIBRARY_SEARCH_PATHS = /usr/local/lib/;
				MACOSX_DEPLOYMENT_TARGET = 10.10;
				MTL_ENABLE_DEBUG_INFO = YES;
				ONLY_ACTIVE_ARCH = YES;
				OTHER_LDFLAGS = (
					"-lpng15",
					"-lfreetype",
				);
				SDKROOT = macosx;
			};
			name = Debug;
		};
		7C262FBB1A366F9E00544ACE /* Release */ = {
			isa = XCBuildConfiguration;
			buildSettings = {
				ALWAYS_SEARCH_USER_PATHS = NO;
				CLANG_CXX_LANGUAGE_STANDARD = "gnu++0x";
				CLANG_CXX_LIBRARY = "libc++";
				CLANG_ENABLE_MODULES = YES;
				CLANG_ENABLE_OBJC_ARC = YES;
				CLANG_WARN_BOOL_CONVERSION = YES;
				CLANG_WARN_CONSTANT_CONVERSION = YES;
				CLANG_WARN_DIRECT_OBJC_ISA_USAGE = YES_ERROR;
				CLANG_WARN_DOCUMENTATION_COMMENTS = NO;
				CLANG_WARN_EMPTY_BODY = YES;
				CLANG_WARN_ENUM_CONVERSION = YES;
				CLANG_WARN_INT_CONVERSION = YES;
				CLANG_WARN_OBJC_ROOT_CLASS = YES_ERROR;
				CLANG_WARN_UNREACHABLE_CODE = YES;
				CLANG_WARN__DUPLICATE_METHOD_MATCH = YES;
				CODE_SIGN_IDENTITY = "-";
				COPY_PHASE_STRIP = YES;
				DEBUG_INFORMATION_FORMAT = "dwarf-with-dsym";
				ENABLE_NS_ASSERTIONS = NO;
				ENABLE_STRICT_OBJC_MSGSEND = YES;
				GCC_C_LANGUAGE_STANDARD = gnu99;
				GCC_WARN_64_TO_32_BIT_CONVERSION = YES;
				GCC_WARN_ABOUT_RETURN_TYPE = YES_ERROR;
				GCC_WARN_UNDECLARED_SELECTOR = YES;
				GCC_WARN_UNINITIALIZED_AUTOS = YES_AGGRESSIVE;
				GCC_WARN_UNUSED_FUNCTION = YES;
				GCC_WARN_UNUSED_VARIABLE = NO;
				HEADER_SEARCH_PATHS = (
					"$(inherited)",
					/Applications/Xcode.app/Contents/Developer/Toolchains/XcodeDefault.xctoolchain/usr/include,
					/usr/local/include/freetype2/,
					/usr/local/include/,
				);
				LIBRARY_SEARCH_PATHS = /usr/local/lib/;
				MACOSX_DEPLOYMENT_TARGET = 10.10;
				MTL_ENABLE_DEBUG_INFO = NO;
				OTHER_LDFLAGS = (
					"-lpng15",
					"-lfreetype",
				);
				SDKROOT = macosx;
			};
			name = Release;
		};
		7C262FBD1A366F9E00544ACE /* Debug */ = {
			isa = XCBuildConfiguration;
			buildSettings = {
				ASSETCATALOG_COMPILER_APPICON_NAME = AppIcon;
				COMBINE_HIDPI_IMAGES = YES;
				INFOPLIST_FILE = axDemo/Info.plist;
				LD_RUNPATH_SEARCH_PATHS = "$(inherited) @executable_path/../Frameworks";
				PRODUCT_NAME = "$(TARGET_NAME)";
			};
			name = Debug;
		};
		7C262FBE1A366F9E00544ACE /* Release */ = {
			isa = XCBuildConfiguration;
			buildSettings = {
				ASSETCATALOG_COMPILER_APPICON_NAME = AppIcon;
				COMBINE_HIDPI_IMAGES = YES;
				INFOPLIST_FILE = axDemo/Info.plist;
				LD_RUNPATH_SEARCH_PATHS = "$(inherited) @executable_path/../Frameworks";
				PRODUCT_NAME = "$(TARGET_NAME)";
			};
			name = Release;
		};
/* End XCBuildConfiguration section */

/* Begin XCConfigurationList section */
		7C262F9A1A366F9D00544ACE /* Build configuration list for PBXProject "axDemo" */ = {
			isa = XCConfigurationList;
			buildConfigurations = (
				7C262FBA1A366F9E00544ACE /* Debug */,
				7C262FBB1A366F9E00544ACE /* Release */,
			);
			defaultConfigurationIsVisible = 0;
			defaultConfigurationName = Release;
		};
		7C262FBC1A366F9E00544ACE /* Build configuration list for PBXNativeTarget "axDemo" */ = {
			isa = XCConfigurationList;
			buildConfigurations = (
				7C262FBD1A366F9E00544ACE /* Debug */,
				7C262FBE1A366F9E00544ACE /* Release */,
			);
			defaultConfigurationIsVisible = 0;
			defaultConfigurationName = Release;
		};
/* End XCConfigurationList section */
	};
	rootObject = 7C262F971A366F9D00544ACE /* Project object */;
}
